
Microsoft Visual Studio Solution File, Format Version 12.00
# Visual Studio Version 17
VisualStudioVersion = 17.5.002.0
MinimumVisualStudioVersion = 10.0.40219.1
Project("{9A19103F-16F7-4668-BE54-9A1E7A4F7556}") = "Movies", "Movies\Movies.csproj", "{5335CE38-35EE-41EF-BDAB-DE9707DBE277}"
EndProject
Global
	GlobalSection(SolutionConfigurationPlatforms) = preSolution
		Debug|Any CPU = Debug|Any CPU
		Release|Any CPU = Release|Any CPU
	EndGlobalSection
	GlobalSection(ProjectConfigurationPlatforms) = postSolution
		{5335CE38-35EE-41EF-BDAB-DE9707DBE277}.Debug|Any CPU.ActiveCfg = Debug|Any CPU
		{5335CE38-35EE-41EF-BDAB-DE9707DBE277}.Debug|Any CPU.Build.0 = Debug|Any CPU
		{5335CE38-35EE-41EF-BDAB-DE9707DBE277}.Release|Any CPU.ActiveCfg = Release|Any CPU
		{5335CE38-35EE-41EF-BDAB-DE9707DBE277}.Release|Any CPU.Build.0 = Release|Any CPU
	EndGlobalSection
	GlobalSection(SolutionProperties) = preSolution
		HideSolutionNode = FALSE
	EndGlobalSection
	GlobalSection(ExtensibilityGlobals) = postSolution
		SolutionGuid = {652E0FEB-D1B2-4FDF-8C55-616BBBF8C597}
	EndGlobalSection
EndGlobal
